
Microsoft Visual Studio Solution File, Format Version 12.00
# Visual Studio 14
VisualStudioVersion = 14.0.24720.0
MinimumVisualStudioVersion = 10.0.40219.1
Project("{FAE04EC0-301F-11D3-BF4B-00C04F79EFBC}") = "happyCompiler", "happyCompiler\happyCompiler.csproj", "{D7A11FBE-0A13-408C-8CB8-F06B6849B69D}"
EndProject
Project("{FAE04EC0-301F-11D3-BF4B-00C04F79EFBC}") = "lexiCONOMICON", "lexiCONOMICON\lexiCONOMICON.csproj", "{175FAD0A-4360-405C-8C40-28C7667DEBA9}"
EndProject
Project("{FAE04EC0-301F-11D3-BF4B-00C04F79EFBC}") = "parSEER", "parSEER\parSEER.csproj", "{C870CCA8-0272-4247-B7D2-B4E9B2EC814B}"
EndProject
Project("{FAE04EC0-301F-11D3-BF4B-00C04F79EFBC}") = "treeHOUSE", "treeHOUSE\treeHOUSE.csproj", "{0744CA78-6728-4937-8C56-50BE5BAAFF11}"
EndProject
Global
	GlobalSection(SolutionConfigurationPlatforms) = preSolution
		Debug|Any CPU = Debug|Any CPU
		Release|Any CPU = Release|Any CPU
	EndGlobalSection
	GlobalSection(ProjectConfigurationPlatforms) = postSolution
		{D7A11FBE-0A13-408C-8CB8-F06B6849B69D}.Debug|Any CPU.ActiveCfg = Debug|Any CPU
		{D7A11FBE-0A13-408C-8CB8-F06B6849B69D}.Debug|Any CPU.Build.0 = Debug|Any CPU
		{D7A11FBE-0A13-408C-8CB8-F06B6849B69D}.Release|Any CPU.ActiveCfg = Release|Any CPU
		{D7A11FBE-0A13-408C-8CB8-F06B6849B69D}.Release|Any CPU.Build.0 = Release|Any CPU
		{175FAD0A-4360-405C-8C40-28C7667DEBA9}.Debug|Any CPU.ActiveCfg = Debug|Any CPU
		{175FAD0A-4360-405C-8C40-28C7667DEBA9}.Debug|Any CPU.Build.0 = Debug|Any CPU
		{175FAD0A-4360-405C-8C40-28C7667DEBA9}.Release|Any CPU.ActiveCfg = Release|Any CPU
		{175FAD0A-4360-405C-8C40-28C7667DEBA9}.Release|Any CPU.Build.0 = Release|Any CPU
		{C870CCA8-0272-4247-B7D2-B4E9B2EC814B}.Debug|Any CPU.ActiveCfg = Debug|Any CPU
		{C870CCA8-0272-4247-B7D2-B4E9B2EC814B}.Debug|Any CPU.Build.0 = Debug|Any CPU
		{C870CCA8-0272-4247-B7D2-B4E9B2EC814B}.Release|Any CPU.ActiveCfg = Release|Any CPU
		{C870CCA8-0272-4247-B7D2-B4E9B2EC814B}.Release|Any CPU.Build.0 = Release|Any CPU
		{0744CA78-6728-4937-8C56-50BE5BAAFF11}.Debug|Any CPU.ActiveCfg = Debug|Any CPU
		{0744CA78-6728-4937-8C56-50BE5BAAFF11}.Debug|Any CPU.Build.0 = Debug|Any CPU
		{0744CA78-6728-4937-8C56-50BE5BAAFF11}.Release|Any CPU.ActiveCfg = Release|Any CPU
		{0744CA78-6728-4937-8C56-50BE5BAAFF11}.Release|Any CPU.Build.0 = Release|Any CPU
	EndGlobalSection
	GlobalSection(SolutionProperties) = preSolution
		HideSolutionNode = FALSE
	EndGlobalSection
EndGlobal
